{
  "requires": true,
  "lockfileVersion": 1,
  "dependencies": {
    "faker": {
      "version": "5.5.2",
      "resolved": "https://registry.npmjs.org/faker/-/faker-5.5.2.tgz",
      "integrity": "sha512-6G3lzZXWjWfqTJDS9KhHFIislZMGdrzDqews3T14E/dsANVbs3YT4A3jSNDrbA/gbtmjLuKJx9DzcLucdXBqBw=="
    },
    "generate-password": {
      "version": "1.6.0",
      "resolved": "https://registry.npmjs.org/generate-password/-/generate-password-1.6.0.tgz",
      "integrity": "sha512-YUJTQkApkLT/fru0QdYWP0lVZdPKhF5kXCP24sgI4gR/vFMJFopCj5t1+9FAKIYcML/nxzx2PMkA1ymO1FC+tQ=="
    }
  }
}
